
Microsoft Visual Studio Solution File, Format Version 12.00
# Visual Studio 15
VisualStudioVersion = 15.0.26430.16
MinimumVisualStudioVersion = 10.0.40219.1
Project("{FAE04EC0-301F-11D3-BF4B-00C04F79EFBC}") = "EasyRepository", "EasyRepository\EasyRepository.csproj", "{64AF6F68-DC84-4C75-B2C7-5A790EF1183C}"
EndProject
Global
	GlobalSection(SolutionConfigurationPlatforms) = preSolution
		Debug|Any CPU = Debug|Any CPU
		Release|Any CPU = Release|Any CPU
	EndGlobalSection
	GlobalSection(ProjectConfigurationPlatforms) = postSolution
		{64AF6F68-DC84-4C75-B2C7-5A790EF1183C}.Debug|Any CPU.ActiveCfg = Debug|Any CPU
		{64AF6F68-DC84-4C75-B2C7-5A790EF1183C}.Debug|Any CPU.Build.0 = Debug|Any CPU
		{64AF6F68-DC84-4C75-B2C7-5A790EF1183C}.Release|Any CPU.ActiveCfg = Release|Any CPU
		{64AF6F68-DC84-4C75-B2C7-5A790EF1183C}.Release|Any CPU.Build.0 = Release|Any CPU
	EndGlobalSection
	GlobalSection(SolutionProperties) = preSolution
		HideSolutionNode = FALSE
	EndGlobalSection
EndGlobal
